<?xml version="1.0" encoding="utf-8"?>
<Project ToolsVersion="4.0" xmlns="http://schemas.microsoft.com/developer/msbuild/2003">
  <ItemGroup>
    <Filter Include="Common">
      <UniqueIdentifier>486fd073-c2ae-4a64-aa26-19852e9e3d33</UniqueIdentifier>
    </Filter>
    <Filter Include="Assets">
      <UniqueIdentifier>e375b27a-931f-49e1-bd14-b27bbde5bfb4</UniqueIdentifier>
      <Extensions>ico;cur;bmp;dds;dlg;fbx;rct;bin;rgs;gif;jpg;jpeg;jpe;resx;tga;tiff;tif;png;wav;mfcribbon-ms</Extensions>
    </Filter>
  </ItemGroup>
  <ItemGroup>
    <ClInclude Include="pch.h" />
    <ClInclude Include="Game.h" />
    <ClInclude Include="StepTimer.h">
      <Filter>Common</Filter>
    </ClInclude>
    <ClInclude Include="DeviceResources.h">
      <Filter>Common</Filter>
    </ClInclude>
    <ClInclude Include="Gradient\GraphicsMemoryManager.h" />
    <ClInclude Include="Gradient\RootSignature.h" />
    <ClInclude Include="Gradient\BufferManager.h" />
    <ClInclude Include="Gradient\BarrierResource.h" />
    <ClInclude Include="Gradient\FreeListAllocator.h" />
    <ClInclude Include="Gradient\Rendering\ProceduralMesh.h" />
    <ClInclude Include="Gradient\Rendering\IDrawable.h" />
    <ClInclude Include="Gradient\ReadData.h" />
    <ClInclude Include="Gradient\PipelineState.h" />
    <ClInclude Include="Gradient\Math.h" />
    <ClInclude Include="Gradient\Camera.h" />
    <ClInclude Include="Gradient\FreeMoveCamera.h" />
    <ClInclude Include="imgui_impl_win32.h" />
    <ClInclude Include="imgui_impl_dx12.h" />
    <ClInclude Include="Gradient\Rendering\RenderTexture.h" />
    <ClInclude Include="Gradient\Rendering\TextureDrawer.h" />
    <ClInclude Include="Core\VolShadowMap.h" />
  </ItemGroup>
  <ItemGroup>
    <ClCompile Include="pch.cpp" />
    <ClCompile Include="Game.cpp" />
    <ClCompile Include="Main.cpp" />
    <ClCompile Include="DeviceResources.cpp">
      <Filter>Common</Filter>
    </ClCompile>
    <ClCompile Include="Gradient\GraphicsMemoryManager.cpp" />
    <ClCompile Include="Gradient\BarrierResource.cpp" />
    <ClCompile Include="Gradient\RootSignature.cpp" />
    <ClCompile Include="Gradient\Rendering\ProceduralMesh.cpp" />
    <ClCompile Include="Gradient\BufferManager.cpp" />
    <ClCompile Include="Gradient\PipelineState.cpp" />
    <ClCompile Include="Gradient\Camera.cpp" />
    <ClCompile Include="Gradient\FreeMoveCamera.cpp" />
    <ClCompile Include="imgui_impl_win32.cpp" />
    <ClCompile Include="imgui_impl_dx12.cpp" />
    <ClCompile Include="Gradient\Rendering\RenderTexture.cpp" />
    <ClCompile Include="Gradient\Rendering\TextureDrawer.cpp" />
    <ClCompile Include="Core\VolShadowMap.cpp" />
  </ItemGroup>
  <ItemGroup>
    <ResourceCompile Include="resource.rc" />
  </ItemGroup>
  <ItemGroup>
    <Image Include="directx.ico">
      <Filter>Assets</Filter>
    </Image>
  </ItemGroup>
  <ItemGroup>
    <Manifest Include="settings.manifest">
      <Filter>Assets</Filter>
    </Manifest>
  </ItemGroup>
  <ItemGroup>
    <None Include="vcpkg-configuration.json" />
    <None Include="vcpkg.json" />
    <None Include=".gitignore" />
    <None Include="README.md" />
    <None Include="LICENSE" />
    <None Include="packages.config" />
    <None Include="Shaders\TetrahedronPipeline.hlsli" />
    <None Include="Shaders\Quaternion.hlsli" />
    <None Include="GetLibraries.ps1" />
    <None Include="Shaders\Culling.hlsli" />
    <None Include="Shaders\RenderingEquation.hlsli" />
  </ItemGroup>
  <ItemGroup>
    <FxCompile Include="Shaders\Tetrahedron_MS.hlsl" />
    <FxCompile Include="Shaders\Interval_PS.hlsl" />
    <FxCompile Include="Shaders\WriteSortingKeys_CS.hlsl" />
    <FxCompile Include="Shaders\SimulateParticles_CS.hlsl" />
    <FxCompile Include="Shaders\VolShadowMap_PS.hlsl" />
  </ItemGroup>
</Project>